
Microsoft Visual Studio Solution File, Format Version 12.00
# Visual Studio Version 17
VisualStudioVersion = 17.3.32819.101
MinimumVisualStudioVersion = 10.0.40219.1
Project("{FAE04EC0-301F-11D3-BF4B-00C04F79EFBC}") = "SocialSoluction", "SocialSoluction\SocialSoluction.csproj", "{8881DDAC-8E0E-49FA-83E8-59654FBC0A32}"
EndProject
Global
	GlobalSection(SolutionConfigurationPlatforms) = preSolution
		Debug|Any CPU = Debug|Any CPU
		Release|Any CPU = Release|Any CPU
	EndGlobalSection
	GlobalSection(ProjectConfigurationPlatforms) = postSolution
		{8881DDAC-8E0E-49FA-83E8-59654FBC0A32}.Debug|Any CPU.ActiveCfg = Debug|Any CPU
		{8881DDAC-8E0E-49FA-83E8-59654FBC0A32}.Debug|Any CPU.Build.0 = Debug|Any CPU
		{8881DDAC-8E0E-49FA-83E8-59654FBC0A32}.Release|Any CPU.ActiveCfg = Release|Any CPU
		{8881DDAC-8E0E-49FA-83E8-59654FBC0A32}.Release|Any CPU.Build.0 = Release|Any CPU
	EndGlobalSection
	GlobalSection(SolutionProperties) = preSolution
		HideSolutionNode = FALSE
	EndGlobalSection
	GlobalSection(ExtensibilityGlobals) = postSolution
		SolutionGuid = {8F939132-3B81-495D-99F5-CBA7BFD97ABC}
	EndGlobalSection
EndGlobal
